
Microsoft Visual Studio Solution File, Format Version 12.00
# Visual Studio Version 16
VisualStudioVersion = 16.0.32002.261
MinimumVisualStudioVersion = 10.0.40219.1
Project("{FAE04EC0-301F-11D3-BF4B-00C04F79EFBC}") = "Entities", "Entities\Entities.csproj", "{D5FC19E6-2C2B-4B47-B542-84767ED3EE29}"
EndProject
Project("{FAE04EC0-301F-11D3-BF4B-00C04F79EFBC}") = "DataAccess", "DataAccess\DataAccess.csproj", "{E294A056-F1EE-45EA-B584-D59783103FA3}"
EndProject
Project("{FAE04EC0-301F-11D3-BF4B-00C04F79EFBC}") = "Services", "Services\Services.csproj", "{7958D944-34BB-40B7-AF6E-EA00E6D62804}"
EndProject
Project("{FAE04EC0-301F-11D3-BF4B-00C04F79EFBC}") = "UI", "UI\UI.csproj", "{A786651C-2A10-4C4C-A21F-E7DC10BFF609}"
EndProject
Global
	GlobalSection(SolutionConfigurationPlatforms) = preSolution
		Debug|Any CPU = Debug|Any CPU
		Release|Any CPU = Release|Any CPU
	EndGlobalSection
	GlobalSection(ProjectConfigurationPlatforms) = postSolution
		{D5FC19E6-2C2B-4B47-B542-84767ED3EE29}.Debug|Any CPU.ActiveCfg = Debug|Any CPU
		{D5FC19E6-2C2B-4B47-B542-84767ED3EE29}.Debug|Any CPU.Build.0 = Debug|Any CPU
		{D5FC19E6-2C2B-4B47-B542-84767ED3EE29}.Release|Any CPU.ActiveCfg = Release|Any CPU
		{D5FC19E6-2C2B-4B47-B542-84767ED3EE29}.Release|Any CPU.Build.0 = Release|Any CPU
		{E294A056-F1EE-45EA-B584-D59783103FA3}.Debug|Any CPU.ActiveCfg = Debug|Any CPU
		{E294A056-F1EE-45EA-B584-D59783103FA3}.Debug|Any CPU.Build.0 = Debug|Any CPU
		{E294A056-F1EE-45EA-B584-D59783103FA3}.Release|Any CPU.ActiveCfg = Release|Any CPU
		{E294A056-F1EE-45EA-B584-D59783103FA3}.Release|Any CPU.Build.0 = Release|Any CPU
		{7958D944-34BB-40B7-AF6E-EA00E6D62804}.Debug|Any CPU.ActiveCfg = Debug|Any CPU
		{7958D944-34BB-40B7-AF6E-EA00E6D62804}.Debug|Any CPU.Build.0 = Debug|Any CPU
		{7958D944-34BB-40B7-AF6E-EA00E6D62804}.Release|Any CPU.ActiveCfg = Release|Any CPU
		{7958D944-34BB-40B7-AF6E-EA00E6D62804}.Release|Any CPU.Build.0 = Release|Any CPU
		{A786651C-2A10-4C4C-A21F-E7DC10BFF609}.Debug|Any CPU.ActiveCfg = Debug|Any CPU
		{A786651C-2A10-4C4C-A21F-E7DC10BFF609}.Debug|Any CPU.Build.0 = Debug|Any CPU
		{A786651C-2A10-4C4C-A21F-E7DC10BFF609}.Release|Any CPU.ActiveCfg = Release|Any CPU
		{A786651C-2A10-4C4C-A21F-E7DC10BFF609}.Release|Any CPU.Build.0 = Release|Any CPU
	EndGlobalSection
	GlobalSection(SolutionProperties) = preSolution
		HideSolutionNode = FALSE
	EndGlobalSection
	GlobalSection(ExtensibilityGlobals) = postSolution
		SolutionGuid = {3BBC3436-11FE-481B-A1EA-F25DB6AED57D}
	EndGlobalSection
EndGlobal
